
Microsoft Visual Studio Solution File, Format Version 12.00
# Visual Studio Version 16
VisualStudioVersion = 16.0.29319.158
MinimumVisualStudioVersion = 10.0.40219.1
Project("{FAE04EC0-301F-11D3-BF4B-00C04F79EFBC}") = "TrendlogProject", "TrendlogProject\TrendlogProject.csproj", "{AD0921B5-2457-40A9-B3FE-B7D5BF4F8555}"
EndProject
Global
	GlobalSection(SolutionConfigurationPlatforms) = preSolution
		Debug|Any CPU = Debug|Any CPU
		Release|Any CPU = Release|Any CPU
	EndGlobalSection
	GlobalSection(ProjectConfigurationPlatforms) = postSolution
		{AD0921B5-2457-40A9-B3FE-B7D5BF4F8555}.Debug|Any CPU.ActiveCfg = Debug|Any CPU
		{AD0921B5-2457-40A9-B3FE-B7D5BF4F8555}.Debug|Any CPU.Build.0 = Debug|Any CPU
		{AD0921B5-2457-40A9-B3FE-B7D5BF4F8555}.Release|Any CPU.ActiveCfg = Release|Any CPU
		{AD0921B5-2457-40A9-B3FE-B7D5BF4F8555}.Release|Any CPU.Build.0 = Release|Any CPU
	EndGlobalSection
	GlobalSection(SolutionProperties) = preSolution
		HideSolutionNode = FALSE
	EndGlobalSection
	GlobalSection(ExtensibilityGlobals) = postSolution
		SolutionGuid = {8466D43A-B471-4A24-9E28-B4A6F751C486}
	EndGlobalSection
EndGlobal
